
Microsoft Visual Studio Solution File, Format Version 12.00
# Visual Studio 14
VisualStudioVersion = 14.0.25420.1
MinimumVisualStudioVersion = 10.0.40219.1
Project("{FAE04EC0-301F-11D3-BF4B-00C04F79EFBC}") = "DataConversionExtensions", "DataConversionExtensions\DataConversionExtensions.csproj", "{E5134510-B1CD-4D65-89C4-65DF8EB71385}"
EndProject
Project("{FAE04EC0-301F-11D3-BF4B-00C04F79EFBC}") = "DataConversionExtensionsTests", "DataConversionExtensionsTests\DataConversionExtensionsTests.csproj", "{92ADC3AF-5039-48AF-A85B-0D0263C95FFC}"
EndProject
Global
	GlobalSection(SolutionConfigurationPlatforms) = preSolution
		Debug|Any CPU = Debug|Any CPU
		Release|Any CPU = Release|Any CPU
	EndGlobalSection
	GlobalSection(ProjectConfigurationPlatforms) = postSolution
		{E5134510-B1CD-4D65-89C4-65DF8EB71385}.Debug|Any CPU.ActiveCfg = Debug|Any CPU
		{E5134510-B1CD-4D65-89C4-65DF8EB71385}.Debug|Any CPU.Build.0 = Debug|Any CPU
		{E5134510-B1CD-4D65-89C4-65DF8EB71385}.Release|Any CPU.ActiveCfg = Release|Any CPU
		{E5134510-B1CD-4D65-89C4-65DF8EB71385}.Release|Any CPU.Build.0 = Release|Any CPU
		{92ADC3AF-5039-48AF-A85B-0D0263C95FFC}.Debug|Any CPU.ActiveCfg = Debug|Any CPU
		{92ADC3AF-5039-48AF-A85B-0D0263C95FFC}.Debug|Any CPU.Build.0 = Debug|Any CPU
		{92ADC3AF-5039-48AF-A85B-0D0263C95FFC}.Release|Any CPU.ActiveCfg = Release|Any CPU
		{92ADC3AF-5039-48AF-A85B-0D0263C95FFC}.Release|Any CPU.Build.0 = Release|Any CPU
	EndGlobalSection
	GlobalSection(SolutionProperties) = preSolution
		HideSolutionNode = FALSE
	EndGlobalSection
EndGlobal
