
Microsoft Visual Studio Solution File, Format Version 12.00
# Visual Studio 15
VisualStudioVersion = 15.0.26730.16
MinimumVisualStudioVersion = 10.0.40219.1
Project("{9A19103F-16F7-4668-BE54-9A1E7A4F7556}") = "DataConversionExtensions.AspNetCore", "DataConversionExtensions.AspNetCore\DataConversionExtensions.AspNetCore.csproj", "{C6FB17EF-9757-433E-96CB-F0BA5094862B}"
EndProject
Project("{FAE04EC0-301F-11D3-BF4B-00C04F79EFBC}") = "DataConversionExtensions.Tests", "Tests\DataConversionExtensions.Tests\DataConversionExtensions.Tests.csproj", "{8A1E121C-49BC-4CCD-9FA2-26431B25CEB5}"
EndProject
Global
	GlobalSection(SolutionConfigurationPlatforms) = preSolution
		Debug|Any CPU = Debug|Any CPU
		Release|Any CPU = Release|Any CPU
	EndGlobalSection
	GlobalSection(ProjectConfigurationPlatforms) = postSolution
		{C6FB17EF-9757-433E-96CB-F0BA5094862B}.Debug|Any CPU.ActiveCfg = Debug|Any CPU
		{C6FB17EF-9757-433E-96CB-F0BA5094862B}.Debug|Any CPU.Build.0 = Debug|Any CPU
		{C6FB17EF-9757-433E-96CB-F0BA5094862B}.Release|Any CPU.ActiveCfg = Release|Any CPU
		{C6FB17EF-9757-433E-96CB-F0BA5094862B}.Release|Any CPU.Build.0 = Release|Any CPU
		{8A1E121C-49BC-4CCD-9FA2-26431B25CEB5}.Debug|Any CPU.ActiveCfg = Debug|Any CPU
		{8A1E121C-49BC-4CCD-9FA2-26431B25CEB5}.Debug|Any CPU.Build.0 = Debug|Any CPU
		{8A1E121C-49BC-4CCD-9FA2-26431B25CEB5}.Release|Any CPU.ActiveCfg = Release|Any CPU
		{8A1E121C-49BC-4CCD-9FA2-26431B25CEB5}.Release|Any CPU.Build.0 = Release|Any CPU
	EndGlobalSection
	GlobalSection(SolutionProperties) = preSolution
		HideSolutionNode = FALSE
	EndGlobalSection
	GlobalSection(ExtensibilityGlobals) = postSolution
		SolutionGuid = {B0E772CC-F248-4811-9427-2A53AB0025AA}
	EndGlobalSection
EndGlobal
